# This file is automatically @generated by Cargo.
# It is not intended for manual editing.
version = 3

[[package]]
name = "autocfg"
version = "0.1.2"
source = "registry+https://github.com/rust-lang/crates.io-index"
checksum = "a6d640bee2da49f60a4068a7fae53acde8982514ab7bae8b8cea9e88cbcfd799"

[[package]]
name = "bitflags"
version = "0.7.0"
source = "registry+https://github.com/rust-lang/crates.io-index"
checksum = "aad18937a628ec6abcd26d1489012cc0e18c21798210f491af69ded9b881106d"

[[package]]
name = "bitflags"
version = "1.0.4"
source = "registry+https://github.com/rust-lang/crates.io-index"
checksum = "228047a76f468627ca71776ecdebd732a3423081fcf5125585bcd7c49886ce12"

[[package]]
name = "cfg-if"
version = "0.1.6"
source = "registry+https://github.com/rust-lang/crates.io-index"
checksum = "082bb9b28e00d3c9d39cc03e64ce4cea0f1bb9b3fde493f0cbc008472d22bdf4"

[[package]]
name = "cloudabi"
version = "0.0.3"
source = "registry+https://github.com/rust-lang/crates.io-index"
checksum = "ddfc5b9aa5d4507acaf872de71051dfd0e309860e88966e1051e462a077aac4f"
dependencies = [
 "bitflags 1.0.4",
]

[[package]]
name = "fuchsia-cprng"
version = "0.1.0"
source = "registry+https://github.com/rust-lang/crates.io-index"
checksum = "81f7f8eb465745ea9b02e2704612a9946a59fa40572086c6fd49d6ddcf30bf31"

[[package]]
name = "gbc_rs"
version = "0.1.0"
dependencies = [
 "bitflags 0.7.0",
 "sdl2",
]

[[package]]
name = "lazy_static"
version = "1.2.0"
source = "registry+https://github.com/rust-lang/crates.io-index"
checksum = "a374c89b9db55895453a74c1e38861d9deec0b01b405a82516e9d5de4820dea1"

[[package]]
name = "libc"
version = "0.2.48"
source = "registry+https://github.com/rust-lang/crates.io-index"
checksum = "e962c7641008ac010fa60a7dfdc1712449f29c44ef2d4702394aea943ee75047"

[[package]]
name = "num"
version = "0.1.42"
source = "registry+https://github.com/rust-lang/crates.io-index"
checksum = "4703ad64153382334aa8db57c637364c322d3372e097840c72000dabdcf6156e"
dependencies = [
 "num-integer",
 "num-iter",
 "num-traits",
]

[[package]]
name = "num-integer"
version = "0.1.39"
source = "registry+https://github.com/rust-lang/crates.io-index"
checksum = "e83d528d2677f0518c570baf2b7abdcf0cd2d248860b68507bdcb3e91d4c0cea"
dependencies = [
 "num-traits",
]

[[package]]
name = "num-iter"
version = "0.1.37"
source = "registry+https://github.com/rust-lang/crates.io-index"
checksum = "af3fdbbc3291a5464dc57b03860ec37ca6bf915ed6ee385e7c6c052c422b2124"
dependencies = [
 "num-integer",
 "num-traits",
]

[[package]]
name = "num-traits"
version = "0.2.6"
source = "registry+https://github.com/rust-lang/crates.io-index"
checksum = "0b3a5d7cc97d6d30d8b9bc8fa19bf45349ffe46241e8816f50f62f6d6aaabee1"

[[package]]
name = "rand"
version = "0.6.5"
source = "registry+https://github.com/rust-lang/crates.io-index"
checksum = "6d71dacdc3c88c1fde3885a3be3fbab9f35724e6ce99467f7d9c5026132184ca"
dependencies = [
 "autocfg",
 "libc",
 "rand_chacha",
 "rand_core 0.4.0",
 "rand_hc",
 "rand_isaac",
 "rand_jitter",
 "rand_os",
 "rand_pcg",
 "rand_xorshift",
 "winapi",
]

[[package]]
name = "rand_chacha"
version = "0.1.1"
source = "registry+https://github.com/rust-lang/crates.io-index"
checksum = "556d3a1ca6600bfcbab7c7c91ccb085ac7fbbcd70e008a98742e7847f4f7bcef"
dependencies = [
 "autocfg",
 "rand_core 0.3.1",
]

[[package]]
name = "rand_core"
version = "0.3.1"
source = "registry+https://github.com/rust-lang/crates.io-index"
checksum = "7a6fdeb83b075e8266dcc8762c22776f6877a63111121f5f8c7411e5be7eed4b"
dependencies = [
 "rand_core 0.4.0",
]

[[package]]
name = "rand_core"
version = "0.4.0"
source = "registry+https://github.com/rust-lang/crates.io-index"
checksum = "d0e7a549d590831370895ab7ba4ea0c1b6b011d106b5ff2da6eee112615e6dc0"

[[package]]
name = "rand_hc"
version = "0.1.0"
source = "registry+https://github.com/rust-lang/crates.io-index"
checksum = "7b40677c7be09ae76218dc623efbf7b18e34bced3f38883af07bb75630a21bc4"
dependencies = [
 "rand_core 0.3.1",
]

[[package]]
name = "rand_isaac"
version = "0.1.1"
source = "registry+https://github.com/rust-lang/crates.io-index"
checksum = "ded997c9d5f13925be2a6fd7e66bf1872597f759fd9dd93513dd7e92e5a5ee08"
dependencies = [
 "rand_core 0.3.1",
]

[[package]]
name = "rand_jitter"
version = "0.1.2"
source = "registry+https://github.com/rust-lang/crates.io-index"
checksum = "080723c6145e37503a2224f801f252e14ac5531cb450f4502698542d188cb3c0"
dependencies = [
 "libc",
 "rand_core 0.4.0",
 "winapi",
]

[[package]]
name = "rand_os"
version = "0.1.2"
source = "registry+https://github.com/rust-lang/crates.io-index"
checksum = "b7c690732391ae0abafced5015ffb53656abfaec61b342290e5eb56b286a679d"
dependencies = [
 "cloudabi",
 "fuchsia-cprng",
 "libc",
 "rand_core 0.4.0",
 "rdrand",
 "winapi",
]

[[package]]
name = "rand_pcg"
version = "0.1.1"
source = "registry+https://github.com/rust-lang/crates.io-index"
checksum = "086bd09a33c7044e56bb44d5bdde5a60e7f119a9e95b0775f545de759a32fe05"
dependencies = [
 "rand_core 0.3.1",
 "rustc_version",
]

[[package]]
name = "rand_xorshift"
version = "0.1.1"
source = "registry+https://github.com/rust-lang/crates.io-index"
checksum = "cbf7e9e623549b0e21f6e97cf8ecf247c1a8fd2e8a992ae265314300b2455d5c"
dependencies = [
 "rand_core 0.3.1",
]

[[package]]
name = "rdrand"
version = "0.4.0"
source = "registry+https://github.com/rust-lang/crates.io-index"
checksum = "678054eb77286b51581ba43620cc911abf02758c91f93f479767aed0f90458b2"
dependencies = [
 "rand_core 0.3.1",
]

[[package]]
name = "rustc_version"
version = "0.2.3"
source = "registry+https://github.com/rust-lang/crates.io-index"
checksum = "138e3e0acb6c9fb258b19b67cb8abd63c00679d2851805ea151465464fe9030a"
dependencies = [
 "semver",
]

[[package]]
name = "sdl2"
version = "0.32.1"
source = "registry+https://github.com/rust-lang/crates.io-index"
checksum = "0ebf85f207d42e4da59fa31fff977be5ff0b224873506c4bd70cc1c94b331593"
dependencies = [
 "bitflags 1.0.4",
 "lazy_static",
 "libc",
 "num",
 "rand",
 "sdl2-sys",
]

[[package]]
name = "sdl2-sys"
version = "0.32.5"
source = "registry+https://github.com/rust-lang/crates.io-index"
checksum = "e82803e85c2e6178d28886cef25b2c53afc2eecaeff739f2247f23ed3352e6c1"
dependencies = [
 "cfg-if",
]

[[package]]
name = "semver"
version = "0.9.0"
source = "registry+https://github.com/rust-lang/crates.io-index"
checksum = "1d7eb9ef2c18661902cc47e535f9bc51b78acd254da71d375c2f6720d9a40403"
dependencies = [
 "semver-parser",
]

[[package]]
name = "semver-parser"
version = "0.7.0"
source = "registry+https://github.com/rust-lang/crates.io-index"
checksum = "388a1df253eca08550bef6c72392cfe7c30914bf41df5269b68cbd6ff8f570a3"

[[package]]
name = "winapi"
version = "0.3.6"
source = "registry+https://github.com/rust-lang/crates.io-index"
checksum = "92c1eb33641e276cfa214a0522acad57be5c56b10cb348b3c5117db75f3ac4b0"
dependencies = [
 "winapi-i686-pc-windows-gnu",
 "winapi-x86_64-pc-windows-gnu",
]

[[package]]
name = "winapi-i686-pc-windows-gnu"
version = "0.4.0"
source = "registry+https://github.com/rust-lang/crates.io-index"
checksum = "ac3b87c63620426dd9b991e5ce0329eff545bccbbb34f3be09ff6fb6ab51b7b6"

[[package]]
name = "winapi-x86_64-pc-windows-gnu"
version = "0.4.0"
source = "registry+https://github.com/rust-lang/crates.io-index"
checksum = "712e227841d057c1ee1cd2fb22fa7e5a5461ae8e48fa2ca79ec42cfc1931183f"
